
Microsoft Visual Studio Solution File, Format Version 12.00
# Visual Studio Version 16
VisualStudioVersion = 16.0.30114.105
MinimumVisualStudioVersion = 10.0.40219.1
Project("{2150E333-8FDC-42A3-9474-1A3956D46DE8}") = "src", "src", "{4E10C14D-87B3-40CC-996A-D181A04BEDF5}"
EndProject
Project("{FAE04EC0-301F-11D3-BF4B-00C04F79EFBC}") = "reader", "src\reader\reader.csproj", "{3ED64E0F-A99A-443A-8242-CA1C04B156D7}"
EndProject
Project("{FAE04EC0-301F-11D3-BF4B-00C04F79EFBC}") = "configuration", "src\configuration\configuration.csproj", "{88DC0520-9F0E-4C0A-AC9E-CFFBB94C2D0F}"
EndProject
Project("{FAE04EC0-301F-11D3-BF4B-00C04F79EFBC}") = "mapper", "src\mapper\mapper.csproj", "{12C835C4-F908-421A-BBA5-BB54AD036AE5}"
EndProject
Project("{FAE04EC0-301F-11D3-BF4B-00C04F79EFBC}") = "configuration_test", "test\configuration_test\configuration_test.csproj", "{E45621EA-16C6-46BE-91D2-D756655009CA}"
EndProject
Project("{FAE04EC0-301F-11D3-BF4B-00C04F79EFBC}") = "io", "src\io\io.csproj", "{6BE333A2-5BF3-4024-9D9A-D800E717B0EB}"
EndProject
Project("{FAE04EC0-301F-11D3-BF4B-00C04F79EFBC}") = "reader_test", "test\reader_test\reader_test.csproj", "{9E358AB5-FF43-440D-8F87-827685157D12}"
EndProject
Global
	GlobalSection(SolutionConfigurationPlatforms) = preSolution
		Debug|Any CPU = Debug|Any CPU
		Debug|x64 = Debug|x64
		Debug|x86 = Debug|x86
		Release|Any CPU = Release|Any CPU
		Release|x64 = Release|x64
		Release|x86 = Release|x86
	EndGlobalSection
	GlobalSection(SolutionProperties) = preSolution
		HideSolutionNode = FALSE
	EndGlobalSection
	GlobalSection(ProjectConfigurationPlatforms) = postSolution
		{3ED64E0F-A99A-443A-8242-CA1C04B156D7}.Debug|Any CPU.ActiveCfg = Debug|Any CPU
		{3ED64E0F-A99A-443A-8242-CA1C04B156D7}.Debug|Any CPU.Build.0 = Debug|Any CPU
		{3ED64E0F-A99A-443A-8242-CA1C04B156D7}.Debug|x64.ActiveCfg = Debug|Any CPU
		{3ED64E0F-A99A-443A-8242-CA1C04B156D7}.Debug|x64.Build.0 = Debug|Any CPU
		{3ED64E0F-A99A-443A-8242-CA1C04B156D7}.Debug|x86.ActiveCfg = Debug|Any CPU
		{3ED64E0F-A99A-443A-8242-CA1C04B156D7}.Debug|x86.Build.0 = Debug|Any CPU
		{3ED64E0F-A99A-443A-8242-CA1C04B156D7}.Release|Any CPU.ActiveCfg = Release|Any CPU
		{3ED64E0F-A99A-443A-8242-CA1C04B156D7}.Release|Any CPU.Build.0 = Release|Any CPU
		{3ED64E0F-A99A-443A-8242-CA1C04B156D7}.Release|x64.ActiveCfg = Release|Any CPU
		{3ED64E0F-A99A-443A-8242-CA1C04B156D7}.Release|x64.Build.0 = Release|Any CPU
		{3ED64E0F-A99A-443A-8242-CA1C04B156D7}.Release|x86.ActiveCfg = Release|Any CPU
		{3ED64E0F-A99A-443A-8242-CA1C04B156D7}.Release|x86.Build.0 = Release|Any CPU
		{88DC0520-9F0E-4C0A-AC9E-CFFBB94C2D0F}.Debug|Any CPU.ActiveCfg = Debug|Any CPU
		{88DC0520-9F0E-4C0A-AC9E-CFFBB94C2D0F}.Debug|Any CPU.Build.0 = Debug|Any CPU
		{88DC0520-9F0E-4C0A-AC9E-CFFBB94C2D0F}.Debug|x64.ActiveCfg = Debug|Any CPU
		{88DC0520-9F0E-4C0A-AC9E-CFFBB94C2D0F}.Debug|x64.Build.0 = Debug|Any CPU
		{88DC0520-9F0E-4C0A-AC9E-CFFBB94C2D0F}.Debug|x86.ActiveCfg = Debug|Any CPU
		{88DC0520-9F0E-4C0A-AC9E-CFFBB94C2D0F}.Debug|x86.Build.0 = Debug|Any CPU
		{88DC0520-9F0E-4C0A-AC9E-CFFBB94C2D0F}.Release|Any CPU.ActiveCfg = Release|Any CPU
		{88DC0520-9F0E-4C0A-AC9E-CFFBB94C2D0F}.Release|Any CPU.Build.0 = Release|Any CPU
		{88DC0520-9F0E-4C0A-AC9E-CFFBB94C2D0F}.Release|x64.ActiveCfg = Release|Any CPU
		{88DC0520-9F0E-4C0A-AC9E-CFFBB94C2D0F}.Release|x64.Build.0 = Release|Any CPU
		{88DC0520-9F0E-4C0A-AC9E-CFFBB94C2D0F}.Release|x86.ActiveCfg = Release|Any CPU
		{88DC0520-9F0E-4C0A-AC9E-CFFBB94C2D0F}.Release|x86.Build.0 = Release|Any CPU
		{12C835C4-F908-421A-BBA5-BB54AD036AE5}.Debug|Any CPU.ActiveCfg = Debug|Any CPU
		{12C835C4-F908-421A-BBA5-BB54AD036AE5}.Debug|Any CPU.Build.0 = Debug|Any CPU
		{12C835C4-F908-421A-BBA5-BB54AD036AE5}.Debug|x64.ActiveCfg = Debug|Any CPU
		{12C835C4-F908-421A-BBA5-BB54AD036AE5}.Debug|x64.Build.0 = Debug|Any CPU
		{12C835C4-F908-421A-BBA5-BB54AD036AE5}.Debug|x86.ActiveCfg = Debug|Any CPU
		{12C835C4-F908-421A-BBA5-BB54AD036AE5}.Debug|x86.Build.0 = Debug|Any CPU
		{12C835C4-F908-421A-BBA5-BB54AD036AE5}.Release|Any CPU.ActiveCfg = Release|Any CPU
		{12C835C4-F908-421A-BBA5-BB54AD036AE5}.Release|Any CPU.Build.0 = Release|Any CPU
		{12C835C4-F908-421A-BBA5-BB54AD036AE5}.Release|x64.ActiveCfg = Release|Any CPU
		{12C835C4-F908-421A-BBA5-BB54AD036AE5}.Release|x64.Build.0 = Release|Any CPU
		{12C835C4-F908-421A-BBA5-BB54AD036AE5}.Release|x86.ActiveCfg = Release|Any CPU
		{12C835C4-F908-421A-BBA5-BB54AD036AE5}.Release|x86.Build.0 = Release|Any CPU
		{E45621EA-16C6-46BE-91D2-D756655009CA}.Debug|Any CPU.ActiveCfg = Debug|Any CPU
		{E45621EA-16C6-46BE-91D2-D756655009CA}.Debug|Any CPU.Build.0 = Debug|Any CPU
		{E45621EA-16C6-46BE-91D2-D756655009CA}.Debug|x64.ActiveCfg = Debug|Any CPU
		{E45621EA-16C6-46BE-91D2-D756655009CA}.Debug|x64.Build.0 = Debug|Any CPU
		{E45621EA-16C6-46BE-91D2-D756655009CA}.Debug|x86.ActiveCfg = Debug|Any CPU
		{E45621EA-16C6-46BE-91D2-D756655009CA}.Debug|x86.Build.0 = Debug|Any CPU
		{E45621EA-16C6-46BE-91D2-D756655009CA}.Release|Any CPU.ActiveCfg = Release|Any CPU
		{E45621EA-16C6-46BE-91D2-D756655009CA}.Release|Any CPU.Build.0 = Release|Any CPU
		{E45621EA-16C6-46BE-91D2-D756655009CA}.Release|x64.ActiveCfg = Release|Any CPU
		{E45621EA-16C6-46BE-91D2-D756655009CA}.Release|x64.Build.0 = Release|Any CPU
		{E45621EA-16C6-46BE-91D2-D756655009CA}.Release|x86.ActiveCfg = Release|Any CPU
		{E45621EA-16C6-46BE-91D2-D756655009CA}.Release|x86.Build.0 = Release|Any CPU
		{6BE333A2-5BF3-4024-9D9A-D800E717B0EB}.Debug|Any CPU.ActiveCfg = Debug|Any CPU
		{6BE333A2-5BF3-4024-9D9A-D800E717B0EB}.Debug|Any CPU.Build.0 = Debug|Any CPU
		{6BE333A2-5BF3-4024-9D9A-D800E717B0EB}.Debug|x64.ActiveCfg = Debug|Any CPU
		{6BE333A2-5BF3-4024-9D9A-D800E717B0EB}.Debug|x64.Build.0 = Debug|Any CPU
		{6BE333A2-5BF3-4024-9D9A-D800E717B0EB}.Debug|x86.ActiveCfg = Debug|Any CPU
		{6BE333A2-5BF3-4024-9D9A-D800E717B0EB}.Debug|x86.Build.0 = Debug|Any CPU
		{6BE333A2-5BF3-4024-9D9A-D800E717B0EB}.Release|Any CPU.ActiveCfg = Release|Any CPU
		{6BE333A2-5BF3-4024-9D9A-D800E717B0EB}.Release|Any CPU.Build.0 = Release|Any CPU
		{6BE333A2-5BF3-4024-9D9A-D800E717B0EB}.Release|x64.ActiveCfg = Release|Any CPU
		{6BE333A2-5BF3-4024-9D9A-D800E717B0EB}.Release|x64.Build.0 = Release|Any CPU
		{6BE333A2-5BF3-4024-9D9A-D800E717B0EB}.Release|x86.ActiveCfg = Release|Any CPU
		{6BE333A2-5BF3-4024-9D9A-D800E717B0EB}.Release|x86.Build.0 = Release|Any CPU
		{9E358AB5-FF43-440D-8F87-827685157D12}.Debug|Any CPU.ActiveCfg = Debug|Any CPU
		{9E358AB5-FF43-440D-8F87-827685157D12}.Debug|Any CPU.Build.0 = Debug|Any CPU
		{9E358AB5-FF43-440D-8F87-827685157D12}.Debug|x64.ActiveCfg = Debug|Any CPU
		{9E358AB5-FF43-440D-8F87-827685157D12}.Debug|x64.Build.0 = Debug|Any CPU
		{9E358AB5-FF43-440D-8F87-827685157D12}.Debug|x86.ActiveCfg = Debug|Any CPU
		{9E358AB5-FF43-440D-8F87-827685157D12}.Debug|x86.Build.0 = Debug|Any CPU
		{9E358AB5-FF43-440D-8F87-827685157D12}.Release|Any CPU.ActiveCfg = Release|Any CPU
		{9E358AB5-FF43-440D-8F87-827685157D12}.Release|Any CPU.Build.0 = Release|Any CPU
		{9E358AB5-FF43-440D-8F87-827685157D12}.Release|x64.ActiveCfg = Release|Any CPU
		{9E358AB5-FF43-440D-8F87-827685157D12}.Release|x64.Build.0 = Release|Any CPU
		{9E358AB5-FF43-440D-8F87-827685157D12}.Release|x86.ActiveCfg = Release|Any CPU
		{9E358AB5-FF43-440D-8F87-827685157D12}.Release|x86.Build.0 = Release|Any CPU
	EndGlobalSection
	GlobalSection(NestedProjects) = preSolution
		{3ED64E0F-A99A-443A-8242-CA1C04B156D7} = {4E10C14D-87B3-40CC-996A-D181A04BEDF5}
		{88DC0520-9F0E-4C0A-AC9E-CFFBB94C2D0F} = {4E10C14D-87B3-40CC-996A-D181A04BEDF5}
		{12C835C4-F908-421A-BBA5-BB54AD036AE5} = {4E10C14D-87B3-40CC-996A-D181A04BEDF5}
		{E45621EA-16C6-46BE-91D2-D756655009CA} = {4E10C14D-87B3-40CC-996A-D181A04BEDF5}
		{6BE333A2-5BF3-4024-9D9A-D800E717B0EB} = {4E10C14D-87B3-40CC-996A-D181A04BEDF5}
		{9E358AB5-FF43-440D-8F87-827685157D12} = {4E10C14D-87B3-40CC-996A-D181A04BEDF5}
	EndGlobalSection
EndGlobal
